
Microsoft Visual Studio Solution File, Format Version 12.00
Project("{FAE04EC0-301F-11D3-BF4B-00C04F79EFBC}") = "TemplateProject.Api", "TemplateProject.Api\TemplateProject.Api.csproj", "{9BBB16B7-B60A-4841-B0B5-9E5EFC379E93}"
EndProject
Project("{FAE04EC0-301F-11D3-BF4B-00C04F79EFBC}") = "TemplateProject.Application", "TemplateProject.Application\TemplateProject.Application.csproj", "{FCACDDC2-9BE6-4E64-9FD1-EA65765A4930}"
EndProject
Project("{FAE04EC0-301F-11D3-BF4B-00C04F79EFBC}") = "TemplateProject.Core", "TemplateProject.Core\TemplateProject.Core.csproj", "{8197CFD1-DF10-4AB0-9A9F-510709F4A69D}"
EndProject
Project("{FAE04EC0-301F-11D3-BF4B-00C04F79EFBC}") = "TemplateProject.DataAccess", "TemplateProject.DataAccess\TemplateProject.DataAccess.csproj", "{454D6A45-BC95-425B-8E69-6496AE7ED5F0}"
EndProject
Project("{2150E333-8FDC-42A3-9474-1A3956D46DE8}") = "tests", "tests", "{F4AE99EC-58C4-40E8-BE44-7E50D9204CDA}"
EndProject
Project("{FAE04EC0-301F-11D3-BF4B-00C04F79EFBC}") = "TemplateProject.Tests.Common", "TemplateProject.Tests.Common\TemplateProject.Tests.Common.csproj", "{72493946-D9D7-4EF2-8E56-2BCF19E462AA}"
EndProject
Project("{FAE04EC0-301F-11D3-BF4B-00C04F79EFBC}") = "TemplateProject.IntegrationTests", "TemplateProject.IntegrationTests\TemplateProject.IntegrationTests.csproj", "{75176B93-5D55-4188-86FC-2D07A333077E}"
EndProject
Project("{FAE04EC0-301F-11D3-BF4B-00C04F79EFBC}") = "TemplateProject.UnitTests", "TemplateProject.UnitTests\TemplateProject.UnitTests.csproj", "{8469CB84-B95E-48DF-8B52-032D1A8BA84D}"
EndProject
Project("{FAE04EC0-301F-11D3-BF4B-00C04F79EFBC}") = "TemplateProject.xUnit.IntegrationTests", "TemplateProject.xUnit.IntegrationTests\TemplateProject.xUnit.IntegrationTests.csproj", "{358AD429-C956-4F62-8C46-1D78FF59B3FB}"
EndProject
Global
	GlobalSection(SolutionConfigurationPlatforms) = preSolution
		Debug|Any CPU = Debug|Any CPU
		Release|Any CPU = Release|Any CPU
	EndGlobalSection
	GlobalSection(ProjectConfigurationPlatforms) = postSolution
		{9BBB16B7-B60A-4841-B0B5-9E5EFC379E93}.Debug|Any CPU.ActiveCfg = Debug|Any CPU
		{9BBB16B7-B60A-4841-B0B5-9E5EFC379E93}.Debug|Any CPU.Build.0 = Debug|Any CPU
		{9BBB16B7-B60A-4841-B0B5-9E5EFC379E93}.Release|Any CPU.ActiveCfg = Release|Any CPU
		{9BBB16B7-B60A-4841-B0B5-9E5EFC379E93}.Release|Any CPU.Build.0 = Release|Any CPU
		{FCACDDC2-9BE6-4E64-9FD1-EA65765A4930}.Debug|Any CPU.ActiveCfg = Debug|Any CPU
		{FCACDDC2-9BE6-4E64-9FD1-EA65765A4930}.Debug|Any CPU.Build.0 = Debug|Any CPU
		{FCACDDC2-9BE6-4E64-9FD1-EA65765A4930}.Release|Any CPU.ActiveCfg = Release|Any CPU
		{FCACDDC2-9BE6-4E64-9FD1-EA65765A4930}.Release|Any CPU.Build.0 = Release|Any CPU
		{8197CFD1-DF10-4AB0-9A9F-510709F4A69D}.Debug|Any CPU.ActiveCfg = Debug|Any CPU
		{8197CFD1-DF10-4AB0-9A9F-510709F4A69D}.Debug|Any CPU.Build.0 = Debug|Any CPU
		{8197CFD1-DF10-4AB0-9A9F-510709F4A69D}.Release|Any CPU.ActiveCfg = Release|Any CPU
		{8197CFD1-DF10-4AB0-9A9F-510709F4A69D}.Release|Any CPU.Build.0 = Release|Any CPU
		{454D6A45-BC95-425B-8E69-6496AE7ED5F0}.Debug|Any CPU.ActiveCfg = Debug|Any CPU
		{454D6A45-BC95-425B-8E69-6496AE7ED5F0}.Debug|Any CPU.Build.0 = Debug|Any CPU
		{454D6A45-BC95-425B-8E69-6496AE7ED5F0}.Release|Any CPU.ActiveCfg = Release|Any CPU
		{454D6A45-BC95-425B-8E69-6496AE7ED5F0}.Release|Any CPU.Build.0 = Release|Any CPU
		{72493946-D9D7-4EF2-8E56-2BCF19E462AA}.Debug|Any CPU.ActiveCfg = Debug|Any CPU
		{72493946-D9D7-4EF2-8E56-2BCF19E462AA}.Debug|Any CPU.Build.0 = Debug|Any CPU
		{72493946-D9D7-4EF2-8E56-2BCF19E462AA}.Release|Any CPU.ActiveCfg = Release|Any CPU
		{72493946-D9D7-4EF2-8E56-2BCF19E462AA}.Release|Any CPU.Build.0 = Release|Any CPU
		{75176B93-5D55-4188-86FC-2D07A333077E}.Debug|Any CPU.ActiveCfg = Debug|Any CPU
		{75176B93-5D55-4188-86FC-2D07A333077E}.Debug|Any CPU.Build.0 = Debug|Any CPU
		{75176B93-5D55-4188-86FC-2D07A333077E}.Release|Any CPU.ActiveCfg = Release|Any CPU
		{75176B93-5D55-4188-86FC-2D07A333077E}.Release|Any CPU.Build.0 = Release|Any CPU
		{8469CB84-B95E-48DF-8B52-032D1A8BA84D}.Debug|Any CPU.ActiveCfg = Debug|Any CPU
		{8469CB84-B95E-48DF-8B52-032D1A8BA84D}.Debug|Any CPU.Build.0 = Debug|Any CPU
		{8469CB84-B95E-48DF-8B52-032D1A8BA84D}.Release|Any CPU.ActiveCfg = Release|Any CPU
		{8469CB84-B95E-48DF-8B52-032D1A8BA84D}.Release|Any CPU.Build.0 = Release|Any CPU
		{358AD429-C956-4F62-8C46-1D78FF59B3FB}.Debug|Any CPU.ActiveCfg = Debug|Any CPU
		{358AD429-C956-4F62-8C46-1D78FF59B3FB}.Debug|Any CPU.Build.0 = Debug|Any CPU
		{358AD429-C956-4F62-8C46-1D78FF59B3FB}.Release|Any CPU.ActiveCfg = Release|Any CPU
		{358AD429-C956-4F62-8C46-1D78FF59B3FB}.Release|Any CPU.Build.0 = Release|Any CPU
	EndGlobalSection
	GlobalSection(NestedProjects) = preSolution
		{72493946-D9D7-4EF2-8E56-2BCF19E462AA} = {F4AE99EC-58C4-40E8-BE44-7E50D9204CDA}
		{75176B93-5D55-4188-86FC-2D07A333077E} = {F4AE99EC-58C4-40E8-BE44-7E50D9204CDA}
		{8469CB84-B95E-48DF-8B52-032D1A8BA84D} = {F4AE99EC-58C4-40E8-BE44-7E50D9204CDA}
		{358AD429-C956-4F62-8C46-1D78FF59B3FB} = {F4AE99EC-58C4-40E8-BE44-7E50D9204CDA}
	EndGlobalSection
EndGlobal
